<?xml version="1.0" encoding="utf-8"?>
<Project ToolsVersion="4.0" xmlns="http://schemas.microsoft.com/developer/msbuild/2003">
  <ItemGroup>
    <ClCompile Include="Common\Excel\CExcel.cpp">
      <Filter>Common\Excel</Filter>
    </ClCompile>
    <ClCompile Include="Common\Excel\Excel.cpp">
      <Filter>Common\Excel</Filter>
    </ClCompile>
    <ClCompile Include="Common\MarkupXml\Markup.cpp">
      <Filter>Common\MarkupXml</Filter>
    </ClCompile>
    <ClCompile Include="Common\Com.cpp">
      <Filter>Common</Filter>
    </ClCompile>
    <ClCompile Include="Main.cpp">
      <Filter>Source</Filter>
    </ClCompile>
    <ClCompile Include="StdAfx.cpp">
      <Filter>Source</Filter>
    </ClCompile>
    <ClCompile Include="Common\PCDJDData.cpp">
      <Filter>Common</Filter>
    </ClCompile>
    <ClCompile Include="CutterTool.cpp">
      <Filter>UI</Filter>
    </ClCompile>
    <ClCompile Include="DlgPcdJD.cpp">
      <Filter>UI</Filter>
    </ClCompile>
    <ClCompile Include="OpenExcelDialog.cpp">
      <Filter>UI</Filter>
    </ClCompile>
    <ClCompile Include="WalterDialog.cpp">
      <Filter>UI</Filter>
    </ClCompile>
    <ClCompile Include="GridCtrl\GridCellCheckEx.cpp">
      <Filter>UiCommon\MfcGridCtrl</Filter>
    </ClCompile>
    <ClCompile Include="GridCtrl\GridCtrlEx.cpp">
      <Filter>UiCommon\MfcGridCtrl</Filter>
    </ClCompile>
    <ClCompile Include="GridCtrl\GridCtrl_src\GridCell.cpp">
      <Filter>UiCommon\MfcGridCtrl</Filter>
    </ClCompile>
    <ClCompile Include="GridCtrl\GridCtrl_src\GridCellBase.cpp">
      <Filter>UiCommon\MfcGridCtrl</Filter>
    </ClCompile>
    <ClCompile Include="GridCtrl\GridCtrl_src\GridCtrl.cpp">
      <Filter>UiCommon\MfcGridCtrl</Filter>
    </ClCompile>
    <ClCompile Include="GridCtrl\GridCtrl_src\GridDropTarget.cpp">
      <Filter>UiCommon\MfcGridCtrl</Filter>
    </ClCompile>
    <ClCompile Include="GridCtrl\GridCtrl_src\InPlaceEdit.cpp">
      <Filter>UiCommon\MfcGridCtrl</Filter>
    </ClCompile>
    <ClCompile Include="GridCtrl\GridCtrl_src\TitleTip.cpp">
      <Filter>UiCommon\MfcGridCtrl</Filter>
    </ClCompile>
    <ClCompile Include="GridCtrl\GridCtrl_src\NewCellTypes\GridCellCheck.cpp">
      <Filter>UiCommon\MfcGridCtrl</Filter>
    </ClCompile>
    <ClCompile Include="GridCtrl\GridCtrl_src\NewCellTypes\GridCellCombo.cpp">
      <Filter>UiCommon\MfcGridCtrl</Filter>
    </ClCompile>
    <ClCompile Include="GridCtrl\GridCtrl_src\NewCellTypes\GridCellDateTime.cpp">
      <Filter>UiCommon\MfcGridCtrl</Filter>
    </ClCompile>
    <ClCompile Include="GridCtrl\GridCtrl_src\NewCellTypes\GridCellNumeric.cpp">
      <Filter>UiCommon\MfcGridCtrl</Filter>
    </ClCompile>
    <ClCompile Include="GridCtrl\GridCtrl_src\NewCellTypes\GridURLCell.cpp">
      <Filter>UiCommon\MfcGridCtrl</Filter>
    </ClCompile>
    <ClCompile Include="ZTInfoDlg.cpp">
      <Filter>UI</Filter>
    </ClCompile>
    <ClCompile Include="Common\ThreadData.cpp">
      <Filter>Common</Filter>
    </ClCompile>
    <ClCompile Include="ZcDjDlg.cpp">
      <Filter>UI</Filter>
    </ClCompile>
  </ItemGroup>
  <ItemGroup>
    <ClInclude Include="Common\Excel\CApplication.h">
      <Filter>Common\Excel</Filter>
    </ClInclude>
    <ClInclude Include="Common\Excel\CBorder.h">
      <Filter>Common\Excel</Filter>
    </ClInclude>
    <ClInclude Include="Common\Excel\CBorders.h">
      <Filter>Common\Excel</Filter>
    </ClInclude>
    <ClInclude Include="Common\Excel\CExcel.h">
      <Filter>Common\Excel</Filter>
    </ClInclude>
    <ClInclude Include="Common\Excel\CFont0.h">
      <Filter>Common\Excel</Filter>
    </ClInclude>
    <ClInclude Include="Common\Excel\Cnterior.h">
      <Filter>Common\Excel</Filter>
    </ClInclude>
    <ClInclude Include="Common\Excel\CRange.h">
      <Filter>Common\Excel</Filter>
    </ClInclude>
    <ClInclude Include="Common\Excel\CRanges.h">
      <Filter>Common\Excel</Filter>
    </ClInclude>
    <ClInclude Include="Common\Excel\CWorkbook.h">
      <Filter>Common\Excel</Filter>
    </ClInclude>
    <ClInclude Include="Common\Excel\CWorkbooks.h">
      <Filter>Common\Excel</Filter>
    </ClInclude>
    <ClInclude Include="Common\Excel\CWorksheet.h">
      <Filter>Common\Excel</Filter>
    </ClInclude>
    <ClInclude Include="Common\Excel\CWorksheets.h">
      <Filter>Common\Excel</Filter>
    </ClInclude>
    <ClInclude Include="Common\Excel\Excel.h">
      <Filter>Common\Excel</Filter>
    </ClInclude>
    <ClInclude Include="Common\MarkupXml\Markup.h">
      <Filter>Common\MarkupXml</Filter>
    </ClInclude>
    <ClInclude Include="Common\Com.h">
      <Filter>Common</Filter>
    </ClInclude>
    <ClInclude Include="Main.h">
      <Filter>Source</Filter>
    </ClInclude>
    <ClInclude Include="res\resource.h">
      <Filter>Source</Filter>
    </ClInclude>
    <ClInclude Include="Resource.h">
      <Filter>Source</Filter>
    </ClInclude>
    <ClInclude Include="StdAfx.h">
      <Filter>Source</Filter>
    </ClInclude>
    <ClInclude Include="Common\PCDJDData.h">
      <Filter>Common</Filter>
    </ClInclude>
    <ClInclude Include="CutterTool.h">
      <Filter>UI</Filter>
    </ClInclude>
    <ClInclude Include="DlgPcdJD.h">
      <Filter>UI</Filter>
    </ClInclude>
    <ClInclude Include="OpenExcelDialog.h">
      <Filter>UI</Filter>
    </ClInclude>
    <ClInclude Include="WalterDialog.h">
      <Filter>UI</Filter>
    </ClInclude>
    <ClInclude Include="GridCtrl\GridCellCheckEx.h">
      <Filter>UiCommon\MfcGridCtrl</Filter>
    </ClInclude>
    <ClInclude Include="GridCtrl\GridCtrlEx.h">
      <Filter>UiCommon\MfcGridCtrl</Filter>
    </ClInclude>
    <ClInclude Include="GridCtrl\GridCtrl_src\CellRange.h">
      <Filter>UiCommon\MfcGridCtrl</Filter>
    </ClInclude>
    <ClInclude Include="GridCtrl\GridCtrl_src\GridCell.h">
      <Filter>UiCommon\MfcGridCtrl</Filter>
    </ClInclude>
    <ClInclude Include="GridCtrl\GridCtrl_src\GridCellBase.h">
      <Filter>UiCommon\MfcGridCtrl</Filter>
    </ClInclude>
    <ClInclude Include="GridCtrl\GridCtrl_src\GridCtrl.h">
      <Filter>UiCommon\MfcGridCtrl</Filter>
    </ClInclude>
    <ClInclude Include="GridCtrl\GridCtrl_src\GridDropTarget.h">
      <Filter>UiCommon\MfcGridCtrl</Filter>
    </ClInclude>
    <ClInclude Include="GridCtrl\GridCtrl_src\InPlaceEdit.h">
      <Filter>UiCommon\MfcGridCtrl</Filter>
    </ClInclude>
    <ClInclude Include="GridCtrl\GridCtrl_src\MemDC.h">
      <Filter>UiCommon\MfcGridCtrl</Filter>
    </ClInclude>
    <ClInclude Include="GridCtrl\GridCtrl_src\TitleTip.h">
      <Filter>UiCommon\MfcGridCtrl</Filter>
    </ClInclude>
    <ClInclude Include="GridCtrl\GridCtrl_src\NewCellTypes\GridCellCheck.h">
      <Filter>UiCommon\MfcGridCtrl</Filter>
    </ClInclude>
    <ClInclude Include="GridCtrl\GridCtrl_src\NewCellTypes\GridCellCombo.h">
      <Filter>UiCommon\MfcGridCtrl</Filter>
    </ClInclude>
    <ClInclude Include="GridCtrl\GridCtrl_src\NewCellTypes\GridCellDateTime.h">
      <Filter>UiCommon\MfcGridCtrl</Filter>
    </ClInclude>
    <ClInclude Include="GridCtrl\GridCtrl_src\NewCellTypes\GridCellNumeric.h">
      <Filter>UiCommon\MfcGridCtrl</Filter>
    </ClInclude>
    <ClInclude Include="GridCtrl\GridCtrl_src\NewCellTypes\GridURLCell.h">
      <Filter>UiCommon\MfcGridCtrl</Filter>
    </ClInclude>
    <ClInclude Include="ZTInfoDlg.h">
      <Filter>UI</Filter>
    </ClInclude>
    <ClInclude Include="Common\ThreadData.h">
      <Filter>Common</Filter>
    </ClInclude>
    <ClInclude Include="ZcDjDlg.h">
      <Filter>UI</Filter>
    </ClInclude>
  </ItemGroup>
  <ItemGroup>
    <None Include="ReadMe.txt">
      <Filter>Source</Filter>
    </None>
  </ItemGroup>
  <ItemGroup>
    <Filter Include="Common">
      <UniqueIdentifier>{487bca54-755e-4466-a224-dca2e2ee2e2e}</UniqueIdentifier>
    </Filter>
    <Filter Include="UiCommon">
      <UniqueIdentifier>{f4849d74-cc70-4b6c-872a-45615a58b6ea}</UniqueIdentifier>
    </Filter>
    <Filter Include="UiCommon\MfcGridCtrl">
      <UniqueIdentifier>{73c3778e-3f61-4b42-9ab2-e902a8256c39}</UniqueIdentifier>
    </Filter>
    <Filter Include="UI">
      <UniqueIdentifier>{cd77ccbf-6816-4b01-bc8b-7f1a95779258}</UniqueIdentifier>
    </Filter>
    <Filter Include="Common\Excel">
      <UniqueIdentifier>{7d2eae31-ab49-41ca-a21f-5d530065120a}</UniqueIdentifier>
    </Filter>
    <Filter Include="Common\MarkupXml">
      <UniqueIdentifier>{28918434-e7ec-4b96-a79f-09561e809b13}</UniqueIdentifier>
    </Filter>
    <Filter Include="Res">
      <UniqueIdentifier>{fcd49c6c-7ca3-4e88-84a9-29a374c2b9b5}</UniqueIdentifier>
    </Filter>
    <Filter Include="Source">
      <UniqueIdentifier>{5fc70b9b-3bd0-423f-a82b-7f40f071aa9b}</UniqueIdentifier>
    </Filter>
  </ItemGroup>
  <ItemGroup>
    <ResourceCompile Include="res\ProjectName.rc">
      <Filter>Res</Filter>
    </ResourceCompile>
  </ItemGroup>
  <ItemGroup>
    <Image Include="res\12.BMP">
      <Filter>Res</Filter>
    </Image>
    <Image Include="res\11.BMP">
      <Filter>Res</Filter>
    </Image>
    <Image Include="res\bitmap5.bmp" />
    <Image Include="C:\Users\admin\Desktop\TIM图片20200721173743.png" />
    <Image Include="C:\Users\admin\Desktop\1.png" />
    <Image Include="C:\Users\admin\Desktop\gaitubao_1_bmp.bmp" />
    <Image Include="C:\Users\admin\Desktop\gaitubao_2_bmp.bmp" />
    <Image Include="C:\Users\admin\Pictures\TIM截图20200721174927.bmp" />
    <Image Include="C:\Users\admin\Pictures\1.bmp" />
    <Image Include="1.bmp" />
    <Image Include="res\1.bmp" />
    <Image Include="111.bmp" />
    <Image Include="res\111.bmp" />
    <Image Include="222.bmp" />
    <Image Include="res\222.bmp" />
  </ItemGroup>
</Project>