
Microsoft Visual Studio Solution File, Format Version 12.00
# Visual Studio 14
VisualStudioVersion = 14.0.25420.1
MinimumVisualStudioVersion = 10.0.40219.1
Project("{8BC9CEB8-8B4A-11D0-8D11-00A0C91BC942}") = "CadCommon2014", "..\..\CADCommon\CadCommon\CadCommon2014.vcxproj", "{5DD3F7E8-55B2-4152-BFE4-60786165C3AD}"
EndProject
Project("{8BC9CEB8-8B4A-11D0-8D11-00A0C91BC942}") = "ProjectName2010", "Template\ProjectName2010.vcxproj", "{849A0E9A-7517-43E4-9ED1-D59CE2A4F994}"
EndProject
Project("{8BC9CEB8-8B4A-11D0-8D11-00A0C91BC942}") = "ProjectName2011", "Template\ProjectName2011.vcxproj", "{C9DBDCF2-4454-4661-A6BF-FA29AF9F4960}"
EndProject
Project("{8BC9CEB8-8B4A-11D0-8D11-00A0C91BC942}") = "ProjectName2012", "Template\ProjectName2012.vcxproj", "{26DF849F-756A-4D5F-B5A4-94DB728444B0}"
EndProject
Project("{8BC9CEB8-8B4A-11D0-8D11-00A0C91BC942}") = "ProjectName2014", "Template\ProjectName2014.vcxproj", "{FF4CCAF6-A003-469D-BC6F-AB6F71222535}"
EndProject
Project("{8BC9CEB8-8B4A-11D0-8D11-00A0C91BC942}") = "ProjectName2013", "Template\ProjectName2013.vcxproj", "{1F3778BA-ABEA-4FCC-B995-8FC6E83AA297}"
EndProject
Project("{8BC9CEB8-8B4A-11D0-8D11-00A0C91BC942}") = "ProjectName2015", "Template\ProjectName2015.vcxproj", "{03651E10-1D23-4A19-8635-70E5B80B9E43}"
EndProject
Project("{8BC9CEB8-8B4A-11D0-8D11-00A0C91BC942}") = "ProjectName2016", "Template\ProjectName2016.vcxproj", "{56E6DF01-B36A-4517-9116-94F8B5EFF1A0}"
EndProject
Project("{8BC9CEB8-8B4A-11D0-8D11-00A0C91BC942}") = "ProjectName2017", "Template\ProjectName2017.vcxproj", "{74BE5750-44E4-4C50-83A8-4C7B850D7AAC}"
EndProject
Project("{8BC9CEB8-8B4A-11D0-8D11-00A0C91BC942}") = "ProjectName2018", "Template\ProjectName2018.vcxproj", "{6446887F-B6EE-43CD-9D1B-9CF291D65E97}"
EndProject
Project("{8BC9CEB8-8B4A-11D0-8D11-00A0C91BC942}") = "ProjectName2019", "Template\ProjectName2019.vcxproj", "{C7A1DD00-C348-4769-9D63-F01F680CBC39}"
EndProject
Project("{8BC9CEB8-8B4A-11D0-8D11-00A0C91BC942}") = "ProjectName2020", "Template\ProjectName2020.vcxproj", "{14D62A18-9EF2-4AA3-86EA-0ED932552872}"
EndProject
Global
	GlobalSection(SolutionConfigurationPlatforms) = preSolution
		Debug|x64 = Debug|x64
		Debug|x86 = Debug|x86
		Release|x64 = Release|x64
		Release|x86 = Release|x86
	EndGlobalSection
	GlobalSection(ProjectConfigurationPlatforms) = postSolution
		{5DD3F7E8-55B2-4152-BFE4-60786165C3AD}.Debug|x64.ActiveCfg = Debug|x64
		{5DD3F7E8-55B2-4152-BFE4-60786165C3AD}.Debug|x64.Build.0 = Debug|x64
		{5DD3F7E8-55B2-4152-BFE4-60786165C3AD}.Debug|x86.ActiveCfg = Debug|Win32
		{5DD3F7E8-55B2-4152-BFE4-60786165C3AD}.Debug|x86.Build.0 = Debug|Win32
		{5DD3F7E8-55B2-4152-BFE4-60786165C3AD}.Release|x64.ActiveCfg = Release|x64
		{5DD3F7E8-55B2-4152-BFE4-60786165C3AD}.Release|x64.Build.0 = Release|x64
		{5DD3F7E8-55B2-4152-BFE4-60786165C3AD}.Release|x86.ActiveCfg = Release|Win32
		{5DD3F7E8-55B2-4152-BFE4-60786165C3AD}.Release|x86.Build.0 = Release|Win32
		{849A0E9A-7517-43E4-9ED1-D59CE2A4F994}.Debug|x64.ActiveCfg = Debug|x64
		{849A0E9A-7517-43E4-9ED1-D59CE2A4F994}.Debug|x64.Build.0 = Debug|x64
		{849A0E9A-7517-43E4-9ED1-D59CE2A4F994}.Debug|x86.ActiveCfg = Debug|Win32
		{849A0E9A-7517-43E4-9ED1-D59CE2A4F994}.Debug|x86.Build.0 = Debug|Win32
		{849A0E9A-7517-43E4-9ED1-D59CE2A4F994}.Release|x64.ActiveCfg = Release|x64
		{849A0E9A-7517-43E4-9ED1-D59CE2A4F994}.Release|x64.Build.0 = Release|x64
		{849A0E9A-7517-43E4-9ED1-D59CE2A4F994}.Release|x86.ActiveCfg = Release|Win32
		{849A0E9A-7517-43E4-9ED1-D59CE2A4F994}.Release|x86.Build.0 = Release|Win32
		{C9DBDCF2-4454-4661-A6BF-FA29AF9F4960}.Debug|x64.ActiveCfg = Debug|x64
		{C9DBDCF2-4454-4661-A6BF-FA29AF9F4960}.Debug|x64.Build.0 = Debug|x64
		{C9DBDCF2-4454-4661-A6BF-FA29AF9F4960}.Debug|x86.ActiveCfg = Debug|Win32
		{C9DBDCF2-4454-4661-A6BF-FA29AF9F4960}.Debug|x86.Build.0 = Debug|Win32
		{C9DBDCF2-4454-4661-A6BF-FA29AF9F4960}.Release|x64.ActiveCfg = Release|x64
		{C9DBDCF2-4454-4661-A6BF-FA29AF9F4960}.Release|x64.Build.0 = Release|x64
		{C9DBDCF2-4454-4661-A6BF-FA29AF9F4960}.Release|x86.ActiveCfg = Release|Win32
		{C9DBDCF2-4454-4661-A6BF-FA29AF9F4960}.Release|x86.Build.0 = Release|Win32
		{26DF849F-756A-4D5F-B5A4-94DB728444B0}.Debug|x64.ActiveCfg = Debug|x64
		{26DF849F-756A-4D5F-B5A4-94DB728444B0}.Debug|x64.Build.0 = Debug|x64
		{26DF849F-756A-4D5F-B5A4-94DB728444B0}.Debug|x86.ActiveCfg = Debug|Win32
		{26DF849F-756A-4D5F-B5A4-94DB728444B0}.Debug|x86.Build.0 = Debug|Win32
		{26DF849F-756A-4D5F-B5A4-94DB728444B0}.Release|x64.ActiveCfg = Release|x64
		{26DF849F-756A-4D5F-B5A4-94DB728444B0}.Release|x64.Build.0 = Release|x64
		{26DF849F-756A-4D5F-B5A4-94DB728444B0}.Release|x86.ActiveCfg = Release|Win32
		{26DF849F-756A-4D5F-B5A4-94DB728444B0}.Release|x86.Build.0 = Release|Win32
		{FF4CCAF6-A003-469D-BC6F-AB6F71222535}.Debug|x64.ActiveCfg = Debug|x64
		{FF4CCAF6-A003-469D-BC6F-AB6F71222535}.Debug|x64.Build.0 = Debug|x64
		{FF4CCAF6-A003-469D-BC6F-AB6F71222535}.Debug|x86.ActiveCfg = Debug|Win32
		{FF4CCAF6-A003-469D-BC6F-AB6F71222535}.Debug|x86.Build.0 = Debug|Win32
		{FF4CCAF6-A003-469D-BC6F-AB6F71222535}.Release|x64.ActiveCfg = Release|x64
		{FF4CCAF6-A003-469D-BC6F-AB6F71222535}.Release|x64.Build.0 = Release|x64
		{FF4CCAF6-A003-469D-BC6F-AB6F71222535}.Release|x86.ActiveCfg = Release|Win32
		{FF4CCAF6-A003-469D-BC6F-AB6F71222535}.Release|x86.Build.0 = Release|Win32
		{1F3778BA-ABEA-4FCC-B995-8FC6E83AA297}.Debug|x64.ActiveCfg = Debug|x64
		{1F3778BA-ABEA-4FCC-B995-8FC6E83AA297}.Debug|x64.Build.0 = Debug|x64
		{1F3778BA-ABEA-4FCC-B995-8FC6E83AA297}.Debug|x86.ActiveCfg = Debug|Win32
		{1F3778BA-ABEA-4FCC-B995-8FC6E83AA297}.Debug|x86.Build.0 = Debug|Win32
		{1F3778BA-ABEA-4FCC-B995-8FC6E83AA297}.Release|x64.ActiveCfg = Release|x64
		{1F3778BA-ABEA-4FCC-B995-8FC6E83AA297}.Release|x64.Build.0 = Release|x64
		{1F3778BA-ABEA-4FCC-B995-8FC6E83AA297}.Release|x86.ActiveCfg = Release|Win32
		{1F3778BA-ABEA-4FCC-B995-8FC6E83AA297}.Release|x86.Build.0 = Release|Win32
		{03651E10-1D23-4A19-8635-70E5B80B9E43}.Debug|x64.ActiveCfg = Debug|x64
		{03651E10-1D23-4A19-8635-70E5B80B9E43}.Debug|x64.Build.0 = Debug|x64
		{03651E10-1D23-4A19-8635-70E5B80B9E43}.Debug|x86.ActiveCfg = Debug|Win32
		{03651E10-1D23-4A19-8635-70E5B80B9E43}.Debug|x86.Build.0 = Debug|Win32
		{03651E10-1D23-4A19-8635-70E5B80B9E43}.Release|x64.ActiveCfg = Release|x64
		{03651E10-1D23-4A19-8635-70E5B80B9E43}.Release|x64.Build.0 = Release|x64
		{03651E10-1D23-4A19-8635-70E5B80B9E43}.Release|x86.ActiveCfg = Release|Win32
		{03651E10-1D23-4A19-8635-70E5B80B9E43}.Release|x86.Build.0 = Release|Win32
		{56E6DF01-B36A-4517-9116-94F8B5EFF1A0}.Debug|x64.ActiveCfg = Debug|x64
		{56E6DF01-B36A-4517-9116-94F8B5EFF1A0}.Debug|x64.Build.0 = Debug|x64
		{56E6DF01-B36A-4517-9116-94F8B5EFF1A0}.Debug|x86.ActiveCfg = Debug|Win32
		{56E6DF01-B36A-4517-9116-94F8B5EFF1A0}.Debug|x86.Build.0 = Debug|Win32
		{56E6DF01-B36A-4517-9116-94F8B5EFF1A0}.Release|x64.ActiveCfg = Release|x64
		{56E6DF01-B36A-4517-9116-94F8B5EFF1A0}.Release|x64.Build.0 = Release|x64
		{56E6DF01-B36A-4517-9116-94F8B5EFF1A0}.Release|x86.ActiveCfg = Release|Win32
		{56E6DF01-B36A-4517-9116-94F8B5EFF1A0}.Release|x86.Build.0 = Release|Win32
		{74BE5750-44E4-4C50-83A8-4C7B850D7AAC}.Debug|x64.ActiveCfg = Debug|x64
		{74BE5750-44E4-4C50-83A8-4C7B850D7AAC}.Debug|x64.Build.0 = Debug|x64
		{74BE5750-44E4-4C50-83A8-4C7B850D7AAC}.Debug|x86.ActiveCfg = Debug|Win32
		{74BE5750-44E4-4C50-83A8-4C7B850D7AAC}.Debug|x86.Build.0 = Debug|Win32
		{74BE5750-44E4-4C50-83A8-4C7B850D7AAC}.Release|x64.ActiveCfg = Release|x64
		{74BE5750-44E4-4C50-83A8-4C7B850D7AAC}.Release|x64.Build.0 = Release|x64
		{74BE5750-44E4-4C50-83A8-4C7B850D7AAC}.Release|x86.ActiveCfg = Release|Win32
		{74BE5750-44E4-4C50-83A8-4C7B850D7AAC}.Release|x86.Build.0 = Release|Win32
		{6446887F-B6EE-43CD-9D1B-9CF291D65E97}.Debug|x64.ActiveCfg = Debug|x64
		{6446887F-B6EE-43CD-9D1B-9CF291D65E97}.Debug|x64.Build.0 = Debug|x64
		{6446887F-B6EE-43CD-9D1B-9CF291D65E97}.Debug|x86.ActiveCfg = Debug|Win32
		{6446887F-B6EE-43CD-9D1B-9CF291D65E97}.Debug|x86.Build.0 = Debug|Win32
		{6446887F-B6EE-43CD-9D1B-9CF291D65E97}.Release|x64.ActiveCfg = Release|x64
		{6446887F-B6EE-43CD-9D1B-9CF291D65E97}.Release|x64.Build.0 = Release|x64
		{6446887F-B6EE-43CD-9D1B-9CF291D65E97}.Release|x86.ActiveCfg = Release|Win32
		{6446887F-B6EE-43CD-9D1B-9CF291D65E97}.Release|x86.Build.0 = Release|Win32
		{C7A1DD00-C348-4769-9D63-F01F680CBC39}.Debug|x64.ActiveCfg = Debug|x64
		{C7A1DD00-C348-4769-9D63-F01F680CBC39}.Debug|x64.Build.0 = Debug|x64
		{C7A1DD00-C348-4769-9D63-F01F680CBC39}.Debug|x86.ActiveCfg = Debug|Win32
		{C7A1DD00-C348-4769-9D63-F01F680CBC39}.Debug|x86.Build.0 = Debug|Win32
		{C7A1DD00-C348-4769-9D63-F01F680CBC39}.Release|x64.ActiveCfg = Release|x64
		{C7A1DD00-C348-4769-9D63-F01F680CBC39}.Release|x64.Build.0 = Release|x64
		{C7A1DD00-C348-4769-9D63-F01F680CBC39}.Release|x86.ActiveCfg = Release|Win32
		{C7A1DD00-C348-4769-9D63-F01F680CBC39}.Release|x86.Build.0 = Release|Win32
		{14D62A18-9EF2-4AA3-86EA-0ED932552872}.Debug|x64.ActiveCfg = Debug|x64
		{14D62A18-9EF2-4AA3-86EA-0ED932552872}.Debug|x64.Build.0 = Debug|x64
		{14D62A18-9EF2-4AA3-86EA-0ED932552872}.Debug|x86.ActiveCfg = Debug|Win32
		{14D62A18-9EF2-4AA3-86EA-0ED932552872}.Debug|x86.Build.0 = Debug|Win32
		{14D62A18-9EF2-4AA3-86EA-0ED932552872}.Release|x64.ActiveCfg = Release|x64
		{14D62A18-9EF2-4AA3-86EA-0ED932552872}.Release|x64.Build.0 = Release|x64
		{14D62A18-9EF2-4AA3-86EA-0ED932552872}.Release|x86.ActiveCfg = Release|Win32
		{14D62A18-9EF2-4AA3-86EA-0ED932552872}.Release|x86.Build.0 = Release|Win32
	EndGlobalSection
	GlobalSection(SolutionProperties) = preSolution
		HideSolutionNode = FALSE
	EndGlobalSection
EndGlobal
