
Microsoft Visual Studio Solution File, Format Version 12.00
# Visual Studio 14
VisualStudioVersion = 14.0.25420.1
MinimumVisualStudioVersion = 10.0.40219.1
Project("{8BC9CEB8-8B4A-11D0-8D11-00A0C91BC942}") = "CadCommon2014", "..\..\CADCommon\CadCommon\CadCommon2014.vcxproj", "{5DD3F7E8-55B2-4152-BFE4-60786165C3AD}"
EndProject
Project("{8BC9CEB8-8B4A-11D0-8D11-00A0C91BC942}") = "ProjectName2014", "Walter\ProjectName2014.vcxproj", "{FF4CCAF6-A003-469D-BC6F-AB6F71222535}"
EndProject
Project("{8BC9CEB8-8B4A-11D0-8D11-00A0C91BC942}") = "ProjectName2017", "Walter\ProjectName2017.vcxproj", "{74BE5750-44E4-4C50-83A8-4C7B850D7AAC}"
EndProject
Project("{8BC9CEB8-8B4A-11D0-8D11-00A0C91BC942}") = "CadCommon2017", "..\..\CADCommon\CadCommon\CadCommon2017.vcxproj", "{B18259C6-8474-4966-A8BC-A2EBA0EB132A}"
EndProject
Project("{8BC9CEB8-8B4A-11D0-8D11-00A0C91BC942}") = "TYTool", "..\..\CADCommon\TYTool\TYTool.vcxproj", "{B63B8508-BB55-47C6-A599-658EDF09561B}"
EndProject
Global
	GlobalSection(SolutionConfigurationPlatforms) = preSolution
		Debug|x64 = Debug|x64
		Debug|x86 = Debug|x86
		Release|x64 = Release|x64
		Release|x86 = Release|x86
	EndGlobalSection
	GlobalSection(ProjectConfigurationPlatforms) = postSolution
		{5DD3F7E8-55B2-4152-BFE4-60786165C3AD}.Debug|x64.ActiveCfg = Debug|x64
		{5DD3F7E8-55B2-4152-BFE4-60786165C3AD}.Debug|x64.Build.0 = Debug|x64
		{5DD3F7E8-55B2-4152-BFE4-60786165C3AD}.Debug|x86.ActiveCfg = Debug|Win32
		{5DD3F7E8-55B2-4152-BFE4-60786165C3AD}.Debug|x86.Build.0 = Debug|Win32
		{5DD3F7E8-55B2-4152-BFE4-60786165C3AD}.Release|x64.ActiveCfg = Release|x64
		{5DD3F7E8-55B2-4152-BFE4-60786165C3AD}.Release|x64.Build.0 = Release|x64
		{5DD3F7E8-55B2-4152-BFE4-60786165C3AD}.Release|x86.ActiveCfg = Release|Win32
		{5DD3F7E8-55B2-4152-BFE4-60786165C3AD}.Release|x86.Build.0 = Release|Win32
		{FF4CCAF6-A003-469D-BC6F-AB6F71222535}.Debug|x64.ActiveCfg = Debug|x64
		{FF4CCAF6-A003-469D-BC6F-AB6F71222535}.Debug|x64.Build.0 = Debug|x64
		{FF4CCAF6-A003-469D-BC6F-AB6F71222535}.Debug|x86.ActiveCfg = Debug|Win32
		{FF4CCAF6-A003-469D-BC6F-AB6F71222535}.Debug|x86.Build.0 = Debug|Win32
		{FF4CCAF6-A003-469D-BC6F-AB6F71222535}.Release|x64.ActiveCfg = Release|x64
		{FF4CCAF6-A003-469D-BC6F-AB6F71222535}.Release|x64.Build.0 = Release|x64
		{FF4CCAF6-A003-469D-BC6F-AB6F71222535}.Release|x86.ActiveCfg = Release|Win32
		{FF4CCAF6-A003-469D-BC6F-AB6F71222535}.Release|x86.Build.0 = Release|Win32
		{74BE5750-44E4-4C50-83A8-4C7B850D7AAC}.Debug|x64.ActiveCfg = Debug|x64
		{74BE5750-44E4-4C50-83A8-4C7B850D7AAC}.Debug|x64.Build.0 = Debug|x64
		{74BE5750-44E4-4C50-83A8-4C7B850D7AAC}.Debug|x86.ActiveCfg = Debug|Win32
		{74BE5750-44E4-4C50-83A8-4C7B850D7AAC}.Debug|x86.Build.0 = Debug|Win32
		{74BE5750-44E4-4C50-83A8-4C7B850D7AAC}.Release|x64.ActiveCfg = Release|x64
		{74BE5750-44E4-4C50-83A8-4C7B850D7AAC}.Release|x64.Build.0 = Release|x64
		{74BE5750-44E4-4C50-83A8-4C7B850D7AAC}.Release|x86.ActiveCfg = Release|Win32
		{74BE5750-44E4-4C50-83A8-4C7B850D7AAC}.Release|x86.Build.0 = Release|Win32
		{B18259C6-8474-4966-A8BC-A2EBA0EB132A}.Debug|x64.ActiveCfg = Debug|x64
		{B18259C6-8474-4966-A8BC-A2EBA0EB132A}.Debug|x64.Build.0 = Debug|x64
		{B18259C6-8474-4966-A8BC-A2EBA0EB132A}.Debug|x86.ActiveCfg = Debug|Win32
		{B18259C6-8474-4966-A8BC-A2EBA0EB132A}.Debug|x86.Build.0 = Debug|Win32
		{B18259C6-8474-4966-A8BC-A2EBA0EB132A}.Release|x64.ActiveCfg = Release|x64
		{B18259C6-8474-4966-A8BC-A2EBA0EB132A}.Release|x64.Build.0 = Release|x64
		{B18259C6-8474-4966-A8BC-A2EBA0EB132A}.Release|x86.ActiveCfg = Release|Win32
		{B18259C6-8474-4966-A8BC-A2EBA0EB132A}.Release|x86.Build.0 = Release|Win32
		{B63B8508-BB55-47C6-A599-658EDF09561B}.Debug|x64.ActiveCfg = Debug|x64
		{B63B8508-BB55-47C6-A599-658EDF09561B}.Debug|x64.Build.0 = Debug|x64
		{B63B8508-BB55-47C6-A599-658EDF09561B}.Debug|x86.ActiveCfg = Debug|Win32
		{B63B8508-BB55-47C6-A599-658EDF09561B}.Debug|x86.Build.0 = Debug|Win32
		{B63B8508-BB55-47C6-A599-658EDF09561B}.Release|x64.ActiveCfg = Release|x64
		{B63B8508-BB55-47C6-A599-658EDF09561B}.Release|x64.Build.0 = Release|x64
		{B63B8508-BB55-47C6-A599-658EDF09561B}.Release|x86.ActiveCfg = Release|Win32
		{B63B8508-BB55-47C6-A599-658EDF09561B}.Release|x86.Build.0 = Release|Win32
	EndGlobalSection
	GlobalSection(SolutionProperties) = preSolution
		HideSolutionNode = FALSE
	EndGlobalSection
EndGlobal
